
Microsoft Visual Studio Solution File, Format Version 12.00
# Visual Studio Version 17
VisualStudioVersion = 17.14.36015.10 d17.14
MinimumVisualStudioVersion = 10.0.40219.1
Project("{FAE04EC0-301F-11D3-BF4B-00C04F79EFBC}") = "Lista3ex1", "Lista3ex1\Lista3ex1.csproj", "{B150C789-3BB7-4B57-9515-950AC8994EAA}"
EndProject
Global
	GlobalSection(SolutionConfigurationPlatforms) = preSolution
		Debug|Any CPU = Debug|Any CPU
		Release|Any CPU = Release|Any CPU
	EndGlobalSection
	GlobalSection(ProjectConfigurationPlatforms) = postSolution
		{B150C789-3BB7-4B57-9515-950AC8994EAA}.Debug|Any CPU.ActiveCfg = Debug|Any CPU
		{B150C789-3BB7-4B57-9515-950AC8994EAA}.Debug|Any CPU.Build.0 = Debug|Any CPU
		{B150C789-3BB7-4B57-9515-950AC8994EAA}.Release|Any CPU.ActiveCfg = Release|Any CPU
		{B150C789-3BB7-4B57-9515-950AC8994EAA}.Release|Any CPU.Build.0 = Release|Any CPU
	EndGlobalSection
	GlobalSection(SolutionProperties) = preSolution
		HideSolutionNode = FALSE
	EndGlobalSection
	GlobalSection(ExtensibilityGlobals) = postSolution
		SolutionGuid = {02C3D857-431A-4A6F-9CBC-3232D4B5BDCA}
	EndGlobalSection
EndGlobal
