
Microsoft Visual Studio Solution File, Format Version 12.00
# Visual Studio Version 17
VisualStudioVersion = 17.14.36015.10 d17.14
MinimumVisualStudioVersion = 10.0.40219.1
Project("{FAE04EC0-301F-11D3-BF4B-00C04F79EFBC}") = "Lista3ex5", "Lista3ex5\Lista3ex5.csproj", "{78A8A635-17BE-4032-8D95-6E8A95E8644A}"
EndProject
Global
	GlobalSection(SolutionConfigurationPlatforms) = preSolution
		Debug|Any CPU = Debug|Any CPU
		Release|Any CPU = Release|Any CPU
	EndGlobalSection
	GlobalSection(ProjectConfigurationPlatforms) = postSolution
		{78A8A635-17BE-4032-8D95-6E8A95E8644A}.Debug|Any CPU.ActiveCfg = Debug|Any CPU
		{78A8A635-17BE-4032-8D95-6E8A95E8644A}.Debug|Any CPU.Build.0 = Debug|Any CPU
		{78A8A635-17BE-4032-8D95-6E8A95E8644A}.Release|Any CPU.ActiveCfg = Release|Any CPU
		{78A8A635-17BE-4032-8D95-6E8A95E8644A}.Release|Any CPU.Build.0 = Release|Any CPU
	EndGlobalSection
	GlobalSection(SolutionProperties) = preSolution
		HideSolutionNode = FALSE
	EndGlobalSection
	GlobalSection(ExtensibilityGlobals) = postSolution
		SolutionGuid = {97E26B43-2513-4B33-A8E4-84EB10B5DD60}
	EndGlobalSection
EndGlobal
